
Microsoft Visual Studio Solution File, Format Version 12.00
# Visual Studio Version 17
VisualStudioVersion = 17.2.32630.192
MinimumVisualStudioVersion = 10.0.40219.1
Project("{FAE04EC0-301F-11D3-BF4B-00C04F79EFBC}") = "Discorpc", "Discorpc\Discorpc.csproj", "{9641B5CA-F68C-40C1-A478-B323BB2B35FD}"
EndProject
Global
	GlobalSection(SolutionConfigurationPlatforms) = preSolution
		Debug|Any CPU = Debug|Any CPU
		Release|Any CPU = Release|Any CPU
	EndGlobalSection
	GlobalSection(ProjectConfigurationPlatforms) = postSolution
		{9641B5CA-F68C-40C1-A478-B323BB2B35FD}.Debug|Any CPU.ActiveCfg = Debug|Any CPU
		{9641B5CA-F68C-40C1-A478-B323BB2B35FD}.Debug|Any CPU.Build.0 = Debug|Any CPU
		{9641B5CA-F68C-40C1-A478-B323BB2B35FD}.Release|Any CPU.ActiveCfg = Release|Any CPU
		{9641B5CA-F68C-40C1-A478-B323BB2B35FD}.Release|Any CPU.Build.0 = Release|Any CPU
	EndGlobalSection
	GlobalSection(SolutionProperties) = preSolution
		HideSolutionNode = FALSE
	EndGlobalSection
	GlobalSection(ExtensibilityGlobals) = postSolution
		SolutionGuid = {ABE31F65-89AD-418C-AF1B-B32328BEB664}
	EndGlobalSection
EndGlobal
